{
  "requires": true,
  "lockfileVersion": 1,
  "dependencies": {
    "vertx3-full": {
      "version": "3.8.5",
      "resolved": "https://registry.npmjs.org/vertx3-full/-/vertx3-full-3.8.5.tgz",
      "integrity": "sha512-kYpWmuLE4WlY9FTLxQS2gPA0y1FPnNPyA9jK7lJo1CG67TKPzyD6fPx8TAsXZIkkh6+UigAYcoyswSi0e9Pg1g=="
    }
  }
}
